
Microsoft Visual Studio Solution File, Format Version 12.00
# Visual Studio Version 17
VisualStudioVersion = 17.0.32126.317
MinimumVisualStudioVersion = 10.0.40219.1
Project("{FAE04EC0-301F-11D3-BF4B-00C04F79EFBC}") = "DeliveryFood", "DeliveryFood\DeliveryFood.csproj", "{766A4291-B8CC-4C0C-BC36-3C2C4FD9A300}"
EndProject
Global
	GlobalSection(SolutionConfigurationPlatforms) = preSolution
		Debug|Any CPU = Debug|Any CPU
		Release|Any CPU = Release|Any CPU
	EndGlobalSection
	GlobalSection(ProjectConfigurationPlatforms) = postSolution
		{766A4291-B8CC-4C0C-BC36-3C2C4FD9A300}.Debug|Any CPU.ActiveCfg = Debug|Any CPU
		{766A4291-B8CC-4C0C-BC36-3C2C4FD9A300}.Debug|Any CPU.Build.0 = Debug|Any CPU
		{766A4291-B8CC-4C0C-BC36-3C2C4FD9A300}.Release|Any CPU.ActiveCfg = Release|Any CPU
		{766A4291-B8CC-4C0C-BC36-3C2C4FD9A300}.Release|Any CPU.Build.0 = Release|Any CPU
	EndGlobalSection
	GlobalSection(SolutionProperties) = preSolution
		HideSolutionNode = FALSE
	EndGlobalSection
	GlobalSection(ExtensibilityGlobals) = postSolution
		SolutionGuid = {CF3F8BEB-B23E-4A26-81DF-42934F419C47}
	EndGlobalSection
EndGlobal
